// !$*UTF8*$!
{
	archiveVersion = 1;
	classes = {
	};
	objectVersion = 50;
	objects = {

/* Begin PBXBuildFile section */
		AAB158D3239FF1C500F1778D /* AppDelegate.swift in Sources */ = {isa = PBXBuildFile; fileRef = AAB158D2239FF1C500F1778D /* AppDelegate.swift */; };
		AAB158D5239FF1C500F1778D /* SceneDelegate.swift in Sources */ = {isa = PBXBuildFile; fileRef = AAB158D4239FF1C500F1778D /* SceneDelegate.swift */; };
		AAB158D7239FF1C500F1778D /* ViewController.swift in Sources */ = {isa = PBXBuildFile; fileRef = AAB158D6239FF1C500F1778D /* ViewController.swift */; };
		AAB158DA239FF1C500F1778D /* Main.storyboard in Resources */ = {isa = PBXBuildFile; fileRef = AAB158D8239FF1C500F1778D /* Main.storyboard */; };
		AAB158DC239FF1C700F1778D /* Assets.xcassets in Resources */ = {isa = PBXBuildFile; fileRef = AAB158DB239FF1C700F1778D /* Assets.xcassets */; };
		AAB158DF239FF1C700F1778D /* LaunchScreen.storyboard in Resources */ = {isa = PBXBuildFile; fileRef = AAB158DD239FF1C700F1778D /* LaunchScreen.storyboard */; };
		AAB158ED239FF3BC00F1778D /* LogFunc.swift in Sources */ = {isa = PBXBuildFile; fileRef = AAB158EC239FF3BC00F1778D /* LogFunc.swift */; };
		AAB158EF23A0455A00F1778D /* Commit.swift in Sources */ = {isa = PBXBuildFile; fileRef = AAB158EE23A0455A00F1778D /* Commit.swift */; };
		AAB158F123A04EA400F1778D /* Resource.swift in Sources */ = {isa = PBXBuildFile; fileRef = AAB158F023A04EA400F1778D /* Resource.swift */; };
		AAB158F323A04EB400F1778D /* Verification.swift in Sources */ = {isa = PBXBuildFile; fileRef = AAB158F223A04EB400F1778D /* Verification.swift */; };
		AAB158F523A04EC500F1778D /* Person.swift in Sources */ = {isa = PBXBuildFile; fileRef = AAB158F423A04EC500F1778D /* Person.swift */; };
/* End PBXBuildFile section */

/* Begin PBXFileReference section */
		AAB158CF239FF1C500F1778D /* HubApiExplorer.app */ = {isa = PBXFileReference; explicitFileType = wrapper.application; includeInIndex = 0; path = HubApiExplorer.app; sourceTree = BUILT_PRODUCTS_DIR; };
		AAB158D2239FF1C500F1778D /* AppDelegate.swift */ = {isa = PBXFileReference; lastKnownFileType = sourcecode.swift; path = AppDelegate.swift; sourceTree = "<group>"; };
		AAB158D4239FF1C500F1778D /* SceneDelegate.swift */ = {isa = PBXFileReference; lastKnownFileType = sourcecode.swift; path = SceneDelegate.swift; sourceTree = "<group>"; };
		AAB158D6239FF1C500F1778D /* ViewController.swift */ = {isa = PBXFileReference; lastKnownFileType = sourcecode.swift; path = ViewController.swift; sourceTree = "<group>"; };
		AAB158D9239FF1C500F1778D /* Base */ = {isa = PBXFileReference; lastKnownFileType = file.storyboard; name = Base; path = Base.lproj/Main.storyboard; sourceTree = "<group>"; };
		AAB158DB239FF1C700F1778D /* Assets.xcassets */ = {isa = PBXFileReference; lastKnownFileType = folder.assetcatalog; path = Assets.xcassets; sourceTree = "<group>"; };
		AAB158DE239FF1C700F1778D /* Base */ = {isa = PBXFileReference; lastKnownFileType = file.storyboard; name = Base; path = Base.lproj/LaunchScreen.storyboard; sourceTree = "<group>"; };
		AAB158E0239FF1C700F1778D /* Info.plist */ = {isa = PBXFileReference; lastKnownFileType = text.plist.xml; path = Info.plist; sourceTree = "<group>"; };
		AAB158EC239FF3BC00F1778D /* LogFunc.swift */ = {isa = PBXFileReference; fileEncoding = 4; lastKnownFileType = sourcecode.swift; path = LogFunc.swift; sourceTree = "<group>"; };
		AAB158EE23A0455A00F1778D /* Commit.swift */ = {isa = PBXFileReference; lastKnownFileType = sourcecode.swift; path = Commit.swift; sourceTree = "<group>"; };
		AAB158F023A04EA400F1778D /* Resource.swift */ = {isa = PBXFileReference; lastKnownFileType = sourcecode.swift; path = Resource.swift; sourceTree = "<group>"; };
		AAB158F223A04EB400F1778D /* Verification.swift */ = {isa = PBXFileReference; lastKnownFileType = sourcecode.swift; path = Verification.swift; sourceTree = "<group>"; };
		AAB158F423A04EC500F1778D /* Person.swift */ = {isa = PBXFileReference; lastKnownFileType = sourcecode.swift; path = Person.swift; sourceTree = "<group>"; };
/* End PBXFileReference section */

/* Begin PBXFrameworksBuildPhase section */
		AAB158CC239FF1C500F1778D /* Frameworks */ = {
			isa = PBXFrameworksBuildPhase;
			buildActionMask = 2147483647;
			files = (
			);
			runOnlyForDeploymentPostprocessing = 0;
		};
/* End PBXFrameworksBuildPhase section */

/* Begin PBXGroup section */
		AAB158C6239FF1C500F1778D = {
			isa = PBXGroup;
			children = (
				AAB158D1239FF1C500F1778D /* HubApiExplorer */,
				AAB158D0239FF1C500F1778D /* Products */,
			);
			sourceTree = "<group>";
		};
		AAB158D0239FF1C500F1778D /* Products */ = {
			isa = PBXGroup;
			children = (
				AAB158CF239FF1C500F1778D /* HubApiExplorer.app */,
			);
			name = Products;
			sourceTree = "<group>";
		};
		AAB158D1239FF1C500F1778D /* HubApiExplorer */ = {
			isa = PBXGroup;
			children = (
				AAB158D2239FF1C500F1778D /* AppDelegate.swift */,
				AAB158D4239FF1C500F1778D /* SceneDelegate.swift */,
				AAB158EB239FF30100F1778D /* View Controllers */,
				AAB158EA239FF2FE00F1778D /* Views */,
				AAB158E9239FF2FC00F1778D /* Model */,
				AAB158E8239FF2F900F1778D /* Extenstions */,
				AAB158E7239FF2EC00F1778D /* Services */,
				AAB158E6239FF2E900F1778D /* Resources */,
				AAB158E0239FF1C700F1778D /* Info.plist */,
			);
			path = HubApiExplorer;
			sourceTree = "<group>";
		};
		AAB158E6239FF2E900F1778D /* Resources */ = {
			isa = PBXGroup;
			children = (
				AAB158EC239FF3BC00F1778D /* LogFunc.swift */,
				AAB158DB239FF1C700F1778D /* Assets.xcassets */,
			);
			path = Resources;
			sourceTree = "<group>";
		};
		AAB158E7239FF2EC00F1778D /* Services */ = {
			isa = PBXGroup;
			children = (
			);
			path = Services;
			sourceTree = "<group>";
		};
		AAB158E8239FF2F900F1778D /* Extenstions */ = {
			isa = PBXGroup;
			children = (
			);
			path = Extenstions;
			sourceTree = "<group>";
		};
		AAB158E9239FF2FC00F1778D /* Model */ = {
			isa = PBXGroup;
			children = (
				AAB158EE23A0455A00F1778D /* Commit.swift */,
				AAB158F023A04EA400F1778D /* Resource.swift */,
				AAB158F223A04EB400F1778D /* Verification.swift */,
				AAB158F423A04EC500F1778D /* Person.swift */,
			);
			path = Model;
			sourceTree = "<group>";
		};
		AAB158EA239FF2FE00F1778D /* Views */ = {
			isa = PBXGroup;
			children = (
				AAB158D8239FF1C500F1778D /* Main.storyboard */,
				AAB158DD239FF1C700F1778D /* LaunchScreen.storyboard */,
			);
			path = Views;
			sourceTree = "<group>";
		};
		AAB158EB239FF30100F1778D /* View Controllers */ = {
			isa = PBXGroup;
			children = (
				AAB158D6239FF1C500F1778D /* ViewController.swift */,
			);
			path = "View Controllers";
			sourceTree = "<group>";
		};
/* End PBXGroup section */

/* Begin PBXNativeTarget section */
		AAB158CE239FF1C500F1778D /* HubApiExplorer */ = {
			isa = PBXNativeTarget;
			buildConfigurationList = AAB158E3239FF1C700F1778D /* Build configuration list for PBXNativeTarget "HubApiExplorer" */;
			buildPhases = (
				AAB158CB239FF1C500F1778D /* Sources */,
				AAB158CC239FF1C500F1778D /* Frameworks */,
				AAB158CD239FF1C500F1778D /* Resources */,
			);
			buildRules = (
			);
			dependencies = (
			);
			name = HubApiExplorer;
			productName = HubApiExplorer;
			productReference = AAB158CF239FF1C500F1778D /* HubApiExplorer.app */;
			productType = "com.apple.product-type.application";
		};
/* End PBXNativeTarget section */

/* Begin PBXProject section */
		AAB158C7239FF1C500F1778D /* Project object */ = {
			isa = PBXProject;
			attributes = {
				LastSwiftUpdateCheck = 1120;
				LastUpgradeCheck = 1120;
				ORGANIZATIONNAME = erwin;
				TargetAttributes = {
					AAB158CE239FF1C500F1778D = {
						CreatedOnToolsVersion = 11.2.1;
					};
				};
			};
			buildConfigurationList = AAB158CA239FF1C500F1778D /* Build configuration list for PBXProject "HubApiExplorer" */;
			compatibilityVersion = "Xcode 9.3";
			developmentRegion = en;
			hasScannedForEncodings = 0;
			knownRegions = (
				en,
				Base,
			);
			mainGroup = AAB158C6239FF1C500F1778D;
			productRefGroup = AAB158D0239FF1C500F1778D /* Products */;
			projectDirPath = "";
			projectRoot = "";
			targets = (
				AAB158CE239FF1C500F1778D /* HubApiExplorer */,
			);
		};
/* End PBXProject section */

/* Begin PBXResourcesBuildPhase section */
		AAB158CD239FF1C500F1778D /* Resources */ = {
			isa = PBXResourcesBuildPhase;
			buildActionMask = 2147483647;
			files = (
				AAB158DF239FF1C700F1778D /* LaunchScreen.storyboard in Resources */,
				AAB158DC239FF1C700F1778D /* Assets.xcassets in Resources */,
				AAB158DA239FF1C500F1778D /* Main.storyboard in Resources */,
			);
			runOnlyForDeploymentPostprocessing = 0;
		};
/* End PBXResourcesBuildPhase section */

/* Begin PBXSourcesBuildPhase section */
		AAB158CB239FF1C500F1778D /* Sources */ = {
			isa = PBXSourcesBuildPhase;
			buildActionMask = 2147483647;
			files = (
				AAB158EF23A0455A00F1778D /* Commit.swift in Sources */,
				AAB158D7239FF1C500F1778D /* ViewController.swift in Sources */,
				AAB158D3239FF1C500F1778D /* AppDelegate.swift in Sources */,
				AAB158F123A04EA400F1778D /* Resource.swift in Sources */,
				AAB158F323A04EB400F1778D /* Verification.swift in Sources */,
				AAB158ED239FF3BC00F1778D /* LogFunc.swift in Sources */,
				AAB158F523A04EC500F1778D /* Person.swift in Sources */,
				AAB158D5239FF1C500F1778D /* SceneDelegate.swift in Sources */,
			);
			runOnlyForDeploymentPostprocessing = 0;
		};
/* End PBXSourcesBuildPhase section */

/* Begin PBXVariantGroup section */
		AAB158D8239FF1C500F1778D /* Main.storyboard */ = {
			isa = PBXVariantGroup;
			children = (
				AAB158D9239FF1C500F1778D /* Base */,
			);
			name = Main.storyboard;
			sourceTree = "<group>";
		};
		AAB158DD239FF1C700F1778D /* LaunchScreen.storyboard */ = {
			isa = PBXVariantGroup;
			children = (
				AAB158DE239FF1C700F1778D /* Base */,
			);
			name = LaunchScreen.storyboard;
			sourceTree = "<group>";
		};
/* End PBXVariantGroup section */

/* Begin XCBuildConfiguration section */
		AAB158E1239FF1C700F1778D /* Debug */ = {
			isa = XCBuildConfiguration;
			buildSettings = {
				ALWAYS_SEARCH_USER_PATHS = NO;
				CLANG_ANALYZER_NONNULL = YES;
				CLANG_ANALYZER_NUMBER_OBJECT_CONVERSION = YES_AGGRESSIVE;
				CLANG_CXX_LANGUAGE_STANDARD = "gnu++14";
				CLANG_CXX_LIBRARY = "libc++";
				CLANG_ENABLE_MODULES = YES;
				CLANG_ENABLE_OBJC_ARC = YES;
				CLANG_ENABLE_OBJC_WEAK = YES;
				CLANG_WARN_BLOCK_CAPTURE_AUTORELEASING = YES;
				CLANG_WARN_BOOL_CONVERSION = YES;
				CLANG_WARN_COMMA = YES;
				CLANG_WARN_CONSTANT_CONVERSION = YES;
				CLANG_WARN_DEPRECATED_OBJC_IMPLEMENTATIONS = YES;
				CLANG_WARN_DIRECT_OBJC_ISA_USAGE = YES_ERROR;
				CLANG_WARN_DOCUMENTATION_COMMENTS = YES;
				CLANG_WARN_EMPTY_BODY = YES;
				CLANG_WARN_ENUM_CONVERSION = YES;
				CLANG_WARN_INFINITE_RECURSION = YES;
				CLANG_WARN_INT_CONVERSION = YES;
				CLANG_WARN_NON_LITERAL_NULL_CONVERSION = YES;
				CLANG_WARN_OBJC_IMPLICIT_RETAIN_SELF = YES;
				CLANG_WARN_OBJC_LITERAL_CONVERSION = YES;
				CLANG_WARN_OBJC_ROOT_CLASS = YES_ERROR;
				CLANG_WARN_RANGE_LOOP_ANALYSIS = YES;
				CLANG_WARN_STRICT_PROTOTYPES = YES;
				CLANG_WARN_SUSPICIOUS_MOVE = YES;
				CLANG_WARN_UNGUARDED_AVAILABILITY = YES_AGGRESSIVE;
				CLANG_WARN_UNREACHABLE_CODE = YES;
				CLANG_WARN__DUPLICATE_METHOD_MATCH = YES;
				COPY_PHASE_STRIP = NO;
				DEBUG_INFORMATION_FORMAT = dwarf;
				ENABLE_STRICT_OBJC_MSGSEND = YES;
				ENABLE_TESTABILITY = YES;
				GCC_C_LANGUAGE_STANDARD = gnu11;
				GCC_DYNAMIC_NO_PIC = NO;
				GCC_NO_COMMON_BLOCKS = YES;
				GCC_OPTIMIZATION_LEVEL = 0;
				GCC_PREPROCESSOR_DEFINITIONS = (
					"DEBUG=1",
					"$(inherited)",
				);
				GCC_WARN_64_TO_32_BIT_CONVERSION = YES;
				GCC_WARN_ABOUT_RETURN_TYPE = YES_ERROR;
				GCC_WARN_UNDECLARED_SELECTOR = YES;
				GCC_WARN_UNINITIALIZED_AUTOS = YES_AGGRESSIVE;
				GCC_WARN_UNUSED_FUNCTION = YES;
				GCC_WARN_UNUSED_VARIABLE = YES;
				IPHONEOS_DEPLOYMENT_TARGET = 13.2;
				MTL_ENABLE_DEBUG_INFO = INCLUDE_SOURCE;
				MTL_FAST_MATH = YES;
				ONLY_ACTIVE_ARCH = YES;
				SDKROOT = iphoneos;
				SWIFT_ACTIVE_COMPILATION_CONDITIONS = DEBUG;
				SWIFT_OPTIMIZATION_LEVEL = "-Onone";
			};
			name = Debug;
		};
		AAB158E2239FF1C700F1778D /* Release */ = {
			isa = XCBuildConfiguration;
			buildSettings = {
				ALWAYS_SEARCH_USER_PATHS = NO;
				CLANG_ANALYZER_NONNULL = YES;
				CLANG_ANALYZER_NUMBER_OBJECT_CONVERSION = YES_AGGRESSIVE;
				CLANG_CXX_LANGUAGE_STANDARD = "gnu++14";
				CLANG_CXX_LIBRARY = "libc++";
				CLANG_ENABLE_MODULES = YES;
				CLANG_ENABLE_OBJC_ARC = YES;
				CLANG_ENABLE_OBJC_WEAK = YES;
				CLANG_WARN_BLOCK_CAPTURE_AUTORELEASING = YES;
				CLANG_WARN_BOOL_CONVERSION = YES;
				CLANG_WARN_COMMA = YES;
				CLANG_WARN_CONSTANT_CONVERSION = YES;
				CLANG_WARN_DEPRECATED_OBJC_IMPLEMENTATIONS = YES;
				CLANG_WARN_DIRECT_OBJC_ISA_USAGE = YES_ERROR;
				CLANG_WARN_DOCUMENTATION_COMMENTS = YES;
				CLANG_WARN_EMPTY_BODY = YES;
				CLANG_WARN_ENUM_CONVERSION = YES;
				CLANG_WARN_INFINITE_RECURSION = YES;
				CLANG_WARN_INT_CONVERSION = YES;
				CLANG_WARN_NON_LITERAL_NULL_CONVERSION = YES;
				CLANG_WARN_OBJC_IMPLICIT_RETAIN_SELF = YES;
				CLANG_WARN_OBJC_LITERAL_CONVERSION = YES;
				CLANG_WARN_OBJC_ROOT_CLASS = YES_ERROR;
				CLANG_WARN_RANGE_LOOP_ANALYSIS = YES;
				CLANG_WARN_STRICT_PROTOTYPES = YES;
				CLANG_WARN_SUSPICIOUS_MOVE = YES;
				CLANG_WARN_UNGUARDED_AVAILABILITY = YES_AGGRESSIVE;
				CLANG_WARN_UNREACHABLE_CODE = YES;
				CLANG_WARN__DUPLICATE_METHOD_MATCH = YES;
				COPY_PHASE_STRIP = NO;
				DEBUG_INFORMATION_FORMAT = "dwarf-with-dsym";
				ENABLE_NS_ASSERTIONS = NO;
				ENABLE_STRICT_OBJC_MSGSEND = YES;
				GCC_C_LANGUAGE_STANDARD = gnu11;
				GCC_NO_COMMON_BLOCKS = YES;
				GCC_WARN_64_TO_32_BIT_CONVERSION = YES;
				GCC_WARN_ABOUT_RETURN_TYPE = YES_ERROR;
				GCC_WARN_UNDECLARED_SELECTOR = YES;
				GCC_WARN_UNINITIALIZED_AUTOS = YES_AGGRESSIVE;
				GCC_WARN_UNUSED_FUNCTION = YES;
				GCC_WARN_UNUSED_VARIABLE = YES;
				IPHONEOS_DEPLOYMENT_TARGET = 13.2;
				MTL_ENABLE_DEBUG_INFO = NO;
				MTL_FAST_MATH = YES;
				SDKROOT = iphoneos;
				SWIFT_COMPILATION_MODE = wholemodule;
				SWIFT_OPTIMIZATION_LEVEL = "-O";
				VALIDATE_PRODUCT = YES;
			};
			name = Release;
		};
		AAB158E4239FF1C700F1778D /* Debug */ = {
			isa = XCBuildConfiguration;
			buildSettings = {
				ASSETCATALOG_COMPILER_APPICON_NAME = AppIcon;
				CODE_SIGN_STYLE = Automatic;
				DEVELOPMENT_TEAM = 3J4WM73YC7;
				INFOPLIST_FILE = HubApiExplorer/Info.plist;
				LD_RUNPATH_SEARCH_PATHS = (
					"$(inherited)",
					"@executable_path/Frameworks",
				);
				PRODUCT_BUNDLE_IDENTIFIER = erwin.HubApiExplorer;
				PRODUCT_NAME = "$(TARGET_NAME)";
				SWIFT_VERSION = 5.0;
				TARGETED_DEVICE_FAMILY = "1,2";
			};
			name = Debug;
		};
		AAB158E5239FF1C700F1778D /* Release */ = {
			isa = XCBuildConfiguration;
			buildSettings = {
				ASSETCATALOG_COMPILER_APPICON_NAME = AppIcon;
				CODE_SIGN_STYLE = Automatic;
				DEVELOPMENT_TEAM = 3J4WM73YC7;
				INFOPLIST_FILE = HubApiExplorer/Info.plist;
				LD_RUNPATH_SEARCH_PATHS = (
					"$(inherited)",
					"@executable_path/Frameworks",
				);
				PRODUCT_BUNDLE_IDENTIFIER = erwin.HubApiExplorer;
				PRODUCT_NAME = "$(TARGET_NAME)";
				SWIFT_VERSION = 5.0;
				TARGETED_DEVICE_FAMILY = "1,2";
			};
			name = Release;
		};
/* End XCBuildConfiguration section */

/* Begin XCConfigurationList section */
		AAB158CA239FF1C500F1778D /* Build configuration list for PBXProject "HubApiExplorer" */ = {
			isa = XCConfigurationList;
			buildConfigurations = (
				AAB158E1239FF1C700F1778D /* Debug */,
				AAB158E2239FF1C700F1778D /* Release */,
			);
			defaultConfigurationIsVisible = 0;
			defaultConfigurationName = Release;
		};
		AAB158E3239FF1C700F1778D /* Build configuration list for PBXNativeTarget "HubApiExplorer" */ = {
			isa = XCConfigurationList;
			buildConfigurations = (
				AAB158E4239FF1C700F1778D /* Debug */,
				AAB158E5239FF1C700F1778D /* Release */,
			);
			defaultConfigurationIsVisible = 0;
			defaultConfigurationName = Release;
		};
/* End XCConfigurationList section */
	};
	rootObject = AAB158C7239FF1C500F1778D /* Project object */;
}
